
Microsoft Visual Studio Solution File, Format Version 12.00
# Visual Studio Version 17
VisualStudioVersion = 17.6.33815.320
MinimumVisualStudioVersion = 10.0.40219.1
Project("{FAE04EC0-301F-11D3-BF4B-00C04F79EFBC}") = "Project", "Project\Project.csproj", "{18493006-D675-4059-B4C1-9E62D552F65B}"
EndProject
Project("{FAE04EC0-301F-11D3-BF4B-00C04F79EFBC}") = "Bl", "BL\Bl.csproj", "{C2174BA0-374C-4668-A331-96BB1A0E76F6}"
EndProject
Project("{FAE04EC0-301F-11D3-BF4B-00C04F79EFBC}") = "Dal", "DAL\Dal.csproj", "{0A19BA9F-EBD5-4829-879F-8D6FF7118C11}"
EndProject
Project("{FAE04EC0-301F-11D3-BF4B-00C04F79EFBC}") = "Server", "Server\Server.csproj", "{920EB98C-D88B-494A-9AF6-52C8D47F5FC6}"
EndProject
Global
	GlobalSection(SolutionConfigurationPlatforms) = preSolution
		Debug|Any CPU = Debug|Any CPU
		Release|Any CPU = Release|Any CPU
	EndGlobalSection
	GlobalSection(ProjectConfigurationPlatforms) = postSolution
		{18493006-D675-4059-B4C1-9E62D552F65B}.Debug|Any CPU.ActiveCfg = Debug|Any CPU
		{18493006-D675-4059-B4C1-9E62D552F65B}.Debug|Any CPU.Build.0 = Debug|Any CPU
		{18493006-D675-4059-B4C1-9E62D552F65B}.Release|Any CPU.ActiveCfg = Release|Any CPU
		{18493006-D675-4059-B4C1-9E62D552F65B}.Release|Any CPU.Build.0 = Release|Any CPU
		{C2174BA0-374C-4668-A331-96BB1A0E76F6}.Debug|Any CPU.ActiveCfg = Debug|Any CPU
		{C2174BA0-374C-4668-A331-96BB1A0E76F6}.Debug|Any CPU.Build.0 = Debug|Any CPU
		{C2174BA0-374C-4668-A331-96BB1A0E76F6}.Release|Any CPU.ActiveCfg = Release|Any CPU
		{C2174BA0-374C-4668-A331-96BB1A0E76F6}.Release|Any CPU.Build.0 = Release|Any CPU
		{0A19BA9F-EBD5-4829-879F-8D6FF7118C11}.Debug|Any CPU.ActiveCfg = Debug|Any CPU
		{0A19BA9F-EBD5-4829-879F-8D6FF7118C11}.Debug|Any CPU.Build.0 = Debug|Any CPU
		{0A19BA9F-EBD5-4829-879F-8D6FF7118C11}.Release|Any CPU.ActiveCfg = Release|Any CPU
		{0A19BA9F-EBD5-4829-879F-8D6FF7118C11}.Release|Any CPU.Build.0 = Release|Any CPU
		{920EB98C-D88B-494A-9AF6-52C8D47F5FC6}.Debug|Any CPU.ActiveCfg = Debug|Any CPU
		{920EB98C-D88B-494A-9AF6-52C8D47F5FC6}.Debug|Any CPU.Build.0 = Debug|Any CPU
		{920EB98C-D88B-494A-9AF6-52C8D47F5FC6}.Release|Any CPU.ActiveCfg = Release|Any CPU
		{920EB98C-D88B-494A-9AF6-52C8D47F5FC6}.Release|Any CPU.Build.0 = Release|Any CPU
	EndGlobalSection
	GlobalSection(SolutionProperties) = preSolution
		HideSolutionNode = FALSE
	EndGlobalSection
	GlobalSection(ExtensibilityGlobals) = postSolution
		SolutionGuid = {1D29EC2B-4FE2-4D48-8985-4889EABDA98B}
	EndGlobalSection
EndGlobal
